
Microsoft Visual Studio Solution File, Format Version 12.00
# Visual Studio Version 16
VisualStudioVersion = 16.0.31727.386
MinimumVisualStudioVersion = 10.0.40219.1
Project("{FAE04EC0-301F-11D3-BF4B-00C04F79EFBC}") = "HogeschoolPXL", "HogeschoolPXL.csproj", "{B1C7D4D4-0176-432C-87AD-248A54A87E7A}"
EndProject
Global
	GlobalSection(SolutionConfigurationPlatforms) = preSolution
		Debug|Any CPU = Debug|Any CPU
		Release|Any CPU = Release|Any CPU
	EndGlobalSection
	GlobalSection(ProjectConfigurationPlatforms) = postSolution
		{B1C7D4D4-0176-432C-87AD-248A54A87E7A}.Debug|Any CPU.ActiveCfg = Debug|Any CPU
		{B1C7D4D4-0176-432C-87AD-248A54A87E7A}.Debug|Any CPU.Build.0 = Debug|Any CPU
		{B1C7D4D4-0176-432C-87AD-248A54A87E7A}.Release|Any CPU.ActiveCfg = Release|Any CPU
		{B1C7D4D4-0176-432C-87AD-248A54A87E7A}.Release|Any CPU.Build.0 = Release|Any CPU
	EndGlobalSection
	GlobalSection(SolutionProperties) = preSolution
		HideSolutionNode = FALSE
	EndGlobalSection
	GlobalSection(ExtensibilityGlobals) = postSolution
		SolutionGuid = {B736A1BD-2285-4691-9A69-D1DCCA0CCE8C}
	EndGlobalSection
EndGlobal
